
Microsoft Visual Studio Solution File, Format Version 12.00
# Visual Studio 15
VisualStudioVersion = 15.0.28307.960
MinimumVisualStudioVersion = 10.0.40219.1
Project("{FAE04EC0-301F-11D3-BF4B-00C04F79EFBC}") = "Life", "Life\Life.csproj", "{93ABEC89-50E1-4F50-963F-44F992313BFD}"
EndProject
Project("{FAE04EC0-301F-11D3-BF4B-00C04F79EFBC}") = "Life_DLL", "Life_DLL\Life_DLL.csproj", "{0955F03E-2E55-4277-BC40-5E86F4A464FA}"
EndProject
Global
	GlobalSection(SolutionConfigurationPlatforms) = preSolution
		Debug|Any CPU = Debug|Any CPU
		Release|Any CPU = Release|Any CPU
	EndGlobalSection
	GlobalSection(ProjectConfigurationPlatforms) = postSolution
		{93ABEC89-50E1-4F50-963F-44F992313BFD}.Debug|Any CPU.ActiveCfg = Debug|Any CPU
		{93ABEC89-50E1-4F50-963F-44F992313BFD}.Debug|Any CPU.Build.0 = Debug|Any CPU
		{93ABEC89-50E1-4F50-963F-44F992313BFD}.Release|Any CPU.ActiveCfg = Release|Any CPU
		{93ABEC89-50E1-4F50-963F-44F992313BFD}.Release|Any CPU.Build.0 = Release|Any CPU
		{0955F03E-2E55-4277-BC40-5E86F4A464FA}.Debug|Any CPU.ActiveCfg = Debug|Any CPU
		{0955F03E-2E55-4277-BC40-5E86F4A464FA}.Debug|Any CPU.Build.0 = Debug|Any CPU
		{0955F03E-2E55-4277-BC40-5E86F4A464FA}.Release|Any CPU.ActiveCfg = Release|Any CPU
		{0955F03E-2E55-4277-BC40-5E86F4A464FA}.Release|Any CPU.Build.0 = Release|Any CPU
	EndGlobalSection
	GlobalSection(SolutionProperties) = preSolution
		HideSolutionNode = FALSE
	EndGlobalSection
	GlobalSection(ExtensibilityGlobals) = postSolution
		SolutionGuid = {73274131-AB8B-4835-A9BD-D6C2CA133607}
	EndGlobalSection
EndGlobal
